Microsoft Visual Studio Solution File, Format Version 11.00
# Visual Studio 2008

Project("{FDAC51DC-E4D3-CEB9-B250-644421A4CB72}") = "SpaceSadomy", "Assembly-CSharp-firstpass.csproj", "{E009FFE8-29A7-94E5-4AF1-BC267F80FD7C}"
EndProject
Project("{FDAC51DC-E4D3-CEB9-B250-644421A4CB72}") = "SpaceSadomy", "Assembly-CSharp.csproj", "{0982DD63-7CA6-239D-8449-F51EE90F176E}"
EndProject
Project("{FDAC51DC-E4D3-CEB9-B250-644421A4CB72}") = "SpaceSadomy", "Assembly-CSharp-Editor.csproj", "{A2268A82-4897-C0A3-3958-97ADA45A1AD3}"
EndProject
Project("{FDAC51DC-E4D3-CEB9-B250-644421A4CB72}") = "SpaceSadomy", "Assembly-UnityScript-firstpass.unityproj", "{091B2743-431F-4324-42D0-437F20A0A0D6}"
EndProject
Project("{FDAC51DC-E4D3-CEB9-B250-644421A4CB72}") = "SpaceSadomy", "Assembly-UnityScript.unityproj", "{BC95DDF7-E19C-4F4E-F4FB-E7982AF3D9C9}"
EndProject
Project("{FDAC51DC-E4D3-CEB9-B250-644421A4CB72}") = "SpaceSadomy", "Assembly-UnityScript-Editor.unityproj", "{A042864E-EE5D-A48A-894E-F3E188090B3F}"
EndProject
Global
	GlobalSection(SolutionConfigurationPlatforms) = preSolution
		Debug|Any CPU = Debug|Any CPU
		Release|Any CPU = Release|Any CPU
	EndGlobalSection
	GlobalSection(ProjectConfigurationPlatforms) = postSolution
		{E009FFE8-29A7-94E5-4AF1-BC267F80FD7C}.Debug|Any CPU.ActiveCfg = Debug|Any CPU
		{E009FFE8-29A7-94E5-4AF1-BC267F80FD7C}.Debug|Any CPU.Build.0 = Debug|Any CPU
		{E009FFE8-29A7-94E5-4AF1-BC267F80FD7C}.Release|Any CPU.ActiveCfg = Release|Any CPU
		{E009FFE8-29A7-94E5-4AF1-BC267F80FD7C}.Release|Any CPU.Build.0 = Release|Any CPU
		{0982DD63-7CA6-239D-8449-F51EE90F176E}.Debug|Any CPU.ActiveCfg = Debug|Any CPU
		{0982DD63-7CA6-239D-8449-F51EE90F176E}.Debug|Any CPU.Build.0 = Debug|Any CPU
		{0982DD63-7CA6-239D-8449-F51EE90F176E}.Release|Any CPU.ActiveCfg = Release|Any CPU
		{0982DD63-7CA6-239D-8449-F51EE90F176E}.Release|Any CPU.Build.0 = Release|Any CPU
		{A2268A82-4897-C0A3-3958-97ADA45A1AD3}.Debug|Any CPU.ActiveCfg = Debug|Any CPU
		{A2268A82-4897-C0A3-3958-97ADA45A1AD3}.Debug|Any CPU.Build.0 = Debug|Any CPU
		{A2268A82-4897-C0A3-3958-97ADA45A1AD3}.Release|Any CPU.ActiveCfg = Release|Any CPU
		{A2268A82-4897-C0A3-3958-97ADA45A1AD3}.Release|Any CPU.Build.0 = Release|Any CPU
		{091B2743-431F-4324-42D0-437F20A0A0D6}.Debug|Any CPU.ActiveCfg = Debug|Any CPU
		{091B2743-431F-4324-42D0-437F20A0A0D6}.Debug|Any CPU.Build.0 = Debug|Any CPU
		{091B2743-431F-4324-42D0-437F20A0A0D6}.Release|Any CPU.ActiveCfg = Release|Any CPU
		{091B2743-431F-4324-42D0-437F20A0A0D6}.Release|Any CPU.Build.0 = Release|Any CPU
		{BC95DDF7-E19C-4F4E-F4FB-E7982AF3D9C9}.Debug|Any CPU.ActiveCfg = Debug|Any CPU
		{BC95DDF7-E19C-4F4E-F4FB-E7982AF3D9C9}.Debug|Any CPU.Build.0 = Debug|Any CPU
		{BC95DDF7-E19C-4F4E-F4FB-E7982AF3D9C9}.Release|Any CPU.ActiveCfg = Release|Any CPU
		{BC95DDF7-E19C-4F4E-F4FB-E7982AF3D9C9}.Release|Any CPU.Build.0 = Release|Any CPU
		{A042864E-EE5D-A48A-894E-F3E188090B3F}.Debug|Any CPU.ActiveCfg = Debug|Any CPU
		{A042864E-EE5D-A48A-894E-F3E188090B3F}.Debug|Any CPU.Build.0 = Debug|Any CPU
		{A042864E-EE5D-A48A-894E-F3E188090B3F}.Release|Any CPU.ActiveCfg = Release|Any CPU
		{A042864E-EE5D-A48A-894E-F3E188090B3F}.Release|Any CPU.Build.0 = Release|Any CPU
	EndGlobalSection
	GlobalSection(SolutionProperties) = preSolution
		HideSolutionNode = FALSE
	EndGlobalSection
																																																																																																																																																																																																																																																																																																																																																																																																																																																																																																																																																																																																																																																																																																																																																																																																																																																																																																																																																																																																																																																																																																																																																																																																																																																																																																																																																																																																																																																																																																																																																																							GlobalSection(MonoDevelopProperties) = preSolution
		StartupItem = Assembly-CSharp.csproj
		Policies = $0
		$0.TextStylePolicy = $1
		$1.inheritsSet = null
		$1.scope = text/x-csharp
		$0.CSharpFormattingPolicy = $2
		$2.inheritsSet = Mono
		$2.inheritsScope = text/x-csharp
		$2.scope = text/x-csharp
		$0.TextStylePolicy = $3
		$3.FileWidth = 120
		$3.TabWidth = 4
		$3.EolMarker = Unix
		$3.inheritsSet = Mono
		$3.inheritsScope = text/plain
		$3.scope = text/plain
	EndGlobalSection

EndGlobal
